// !$*UTF8*$!
{
	archiveVersion = 1;
	classes = {
	};
	objectVersion = 56;
	objects = {

/* Begin PBXBuildFile section */
		AA000001 /* GladeApp.swift in Sources */ = {isa = PBXBuildFile; fileRef = AA100001 /* GladeApp.swift */; };
		AA000002 /* ContentView.swift in Sources */ = {isa = PBXBuildFile; fileRef = AA100002 /* ContentView.swift */; };
		AA000003 /* JSONValue.swift in Sources */ = {isa = PBXBuildFile; fileRef = AA100003 /* JSONValue.swift */; };
		AA000004 /* JSONLLine.swift in Sources */ = {isa = PBXBuildFile; fileRef = AA100004 /* JSONLLine.swift */; };
		AA000005 /* JSONLDocument.swift in Sources */ = {isa = PBXBuildFile; fileRef = AA100005 /* JSONLDocument.swift */; };
		AA000006 /* GladeViewModel.swift in Sources */ = {isa = PBXBuildFile; fileRef = AA100006 /* GladeViewModel.swift */; };
		AA000007 /* JSONValueView.swift in Sources */ = {isa = PBXBuildFile; fileRef = AA100007 /* JSONValueView.swift */; };
		AA000009 /* DetailView.swift in Sources */ = {isa = PBXBuildFile; fileRef = AA100009 /* DetailView.swift */; };
		AA000010 /* JSONLTableView.swift in Sources */ = {isa = PBXBuildFile; fileRef = AA100010 /* JSONLTableView.swift */; };
		AA000011 /* JumpToLineView.swift in Sources */ = {isa = PBXBuildFile; fileRef = AA100011 /* JumpToLineView.swift */; };
		AA000012 /* Assets.xcassets in Resources */ = {isa = PBXBuildFile; fileRef = AA100012 /* Assets.xcassets */; };
		AA000013 /* TabManager.swift in Sources */ = {isa = PBXBuildFile; fileRef = AA100013 /* TabManager.swift */; };
		AA000014 /* FileSidebarView.swift in Sources */ = {isa = PBXBuildFile; fileRef = AA100014 /* FileSidebarView.swift */; };
		AA000015 /* TabbedRootView.swift in Sources */ = {isa = PBXBuildFile; fileRef = AA100015 /* TabbedRootView.swift */; };
		AA000016 /* MarkdownHeading.swift in Sources */ = {isa = PBXBuildFile; fileRef = AA100016 /* MarkdownHeading.swift */; };
		AA000017 /* MarkdownDocument.swift in Sources */ = {isa = PBXBuildFile; fileRef = AA100017 /* MarkdownDocument.swift */; };
		AA000018 /* MarkdownSidebarView.swift in Sources */ = {isa = PBXBuildFile; fileRef = AA100018 /* MarkdownSidebarView.swift */; };
		AA000019 /* MarkdownDetailView.swift in Sources */ = {isa = PBXBuildFile; fileRef = AA100019 /* MarkdownDetailView.swift */; };
		AA000021 /* UpdateController.swift in Sources */ = {isa = PBXBuildFile; fileRef = AA100021 /* UpdateController.swift */; };
		AA000022 /* UpdateChannel.swift in Sources */ = {isa = PBXBuildFile; fileRef = AA100022 /* UpdateChannel.swift */; };
		AA000023 /* UpdateSettingsView.swift in Sources */ = {isa = PBXBuildFile; fileRef = AA100023 /* UpdateSettingsView.swift */; };
		AA000024 /* Sparkle in Frameworks */ = {isa = PBXBuildFile; productRef = AA900002 /* Sparkle */; };
		AA000025 /* JSONLColumnOrdering.swift in Sources */ = {isa = PBXBuildFile; fileRef = AA100025 /* JSONLColumnOrdering.swift */; };
		AA000026 /* JSONLineSearch.swift in Sources */ = {isa = PBXBuildFile; fileRef = AA100026 /* JSONLineSearch.swift */; };
/* End PBXBuildFile section */

/* Begin PBXFileReference section */
		AA100001 /* GladeApp.swift */ = {isa = PBXFileReference; lastKnownFileType = sourcecode.swift; path = GladeApp.swift; sourceTree = "<group>"; };
		AA100002 /* ContentView.swift */ = {isa = PBXFileReference; lastKnownFileType = sourcecode.swift; path = ContentView.swift; sourceTree = "<group>"; };
		AA100003 /* JSONValue.swift */ = {isa = PBXFileReference; lastKnownFileType = sourcecode.swift; path = JSONValue.swift; sourceTree = "<group>"; };
		AA100004 /* JSONLLine.swift */ = {isa = PBXFileReference; lastKnownFileType = sourcecode.swift; path = JSONLLine.swift; sourceTree = "<group>"; };
		AA100005 /* JSONLDocument.swift */ = {isa = PBXFileReference; lastKnownFileType = sourcecode.swift; path = JSONLDocument.swift; sourceTree = "<group>"; };
		AA100006 /* GladeViewModel.swift */ = {isa = PBXFileReference; lastKnownFileType = sourcecode.swift; path = GladeViewModel.swift; sourceTree = "<group>"; };
		AA100007 /* JSONValueView.swift */ = {isa = PBXFileReference; lastKnownFileType = sourcecode.swift; path = JSONValueView.swift; sourceTree = "<group>"; };
		AA100009 /* DetailView.swift */ = {isa = PBXFileReference; lastKnownFileType = sourcecode.swift; path = DetailView.swift; sourceTree = "<group>"; };
		AA100010 /* JSONLTableView.swift */ = {isa = PBXFileReference; lastKnownFileType = sourcecode.swift; path = JSONLTableView.swift; sourceTree = "<group>"; };
		AA100011 /* JumpToLineView.swift */ = {isa = PBXFileReference; lastKnownFileType = sourcecode.swift; path = JumpToLineView.swift; sourceTree = "<group>"; };
		AA100012 /* Assets.xcassets */ = {isa = PBXFileReference; lastKnownFileType = folder.assetcatalog; path = Assets.xcassets; sourceTree = "<group>"; };
		AA100013 /* TabManager.swift */ = {isa = PBXFileReference; lastKnownFileType = sourcecode.swift; path = TabManager.swift; sourceTree = "<group>"; };
		AA100014 /* FileSidebarView.swift */ = {isa = PBXFileReference; lastKnownFileType = sourcecode.swift; path = FileSidebarView.swift; sourceTree = "<group>"; };
		AA100015 /* TabbedRootView.swift */ = {isa = PBXFileReference; lastKnownFileType = sourcecode.swift; path = TabbedRootView.swift; sourceTree = "<group>"; };
		AA100016 /* MarkdownHeading.swift */ = {isa = PBXFileReference; lastKnownFileType = sourcecode.swift; path = MarkdownHeading.swift; sourceTree = "<group>"; };
		AA100017 /* MarkdownDocument.swift */ = {isa = PBXFileReference; lastKnownFileType = sourcecode.swift; path = MarkdownDocument.swift; sourceTree = "<group>"; };
		AA100018 /* MarkdownSidebarView.swift */ = {isa = PBXFileReference; lastKnownFileType = sourcecode.swift; path = MarkdownSidebarView.swift; sourceTree = "<group>"; };
		AA100019 /* MarkdownDetailView.swift */ = {isa = PBXFileReference; lastKnownFileType = sourcecode.swift; path = MarkdownDetailView.swift; sourceTree = "<group>"; };
		AA200001 /* Glade.app */ = {isa = PBXFileReference; explicitFileType = wrapper.application; includeInIndex = 0; path = Glade.app; sourceTree = BUILT_PRODUCTS_DIR; };
		AA100020 /* Developer.xcconfig */ = {isa = PBXFileReference; lastKnownFileType = text.xcconfig; path = ../Developer.xcconfig; sourceTree = "<group>"; };
		AA100021 /* UpdateController.swift */ = {isa = PBXFileReference; lastKnownFileType = sourcecode.swift; path = UpdateController.swift; sourceTree = "<group>"; };
		AA100022 /* UpdateChannel.swift */ = {isa = PBXFileReference; lastKnownFileType = sourcecode.swift; path = UpdateChannel.swift; sourceTree = "<group>"; };
		AA100023 /* UpdateSettingsView.swift */ = {isa = PBXFileReference; lastKnownFileType = sourcecode.swift; path = UpdateSettingsView.swift; sourceTree = "<group>"; };
		AA100025 /* JSONLColumnOrdering.swift */ = {isa = PBXFileReference; lastKnownFileType = sourcecode.swift; path = JSONLColumnOrdering.swift; sourceTree = "<group>"; };
		AA100026 /* JSONLineSearch.swift */ = {isa = PBXFileReference; lastKnownFileType = sourcecode.swift; path = JSONLineSearch.swift; sourceTree = "<group>"; };
/* End PBXFileReference section */

/* Begin PBXFrameworksBuildPhase section */
		AA300001 /* Frameworks */ = {
			isa = PBXFrameworksBuildPhase;
			buildActionMask = 2147483647;
			files = (
				AA000024 /* Sparkle in Frameworks */,
			);
			runOnlyForDeploymentPostprocessing = 0;
		};
/* End PBXFrameworksBuildPhase section */

/* Begin PBXGroup section */
		AA400001 /* Glade */ = {
			isa = PBXGroup;
			children = (
				AA400002 /* App */,
				AA400003 /* Views */,
				AA400004 /* ViewModels */,
				AA400005 /* Models */,
				AA100012 /* Assets.xcassets */,
				AA400009 /* Products */,
				AA100020 /* Developer.xcconfig */,
			);
			path = Glade;
			sourceTree = "<group>";
		};
		AA400002 /* App */ = {
			isa = PBXGroup;
			children = (
				AA100001 /* GladeApp.swift */,
				AA100021 /* UpdateController.swift */,
			);
			path = App;
			sourceTree = "<group>";
		};
		AA400003 /* Views */ = {
			isa = PBXGroup;
			children = (
				AA400006 /* Screens */,
				AA400007 /* Components */,
			);
			path = Views;
			sourceTree = "<group>";
		};
		AA400004 /* ViewModels */ = {
			isa = PBXGroup;
			children = (
				AA100006 /* GladeViewModel.swift */,
				AA100013 /* TabManager.swift */,
			);
			path = ViewModels;
			sourceTree = "<group>";
		};
		AA400005 /* Models */ = {
			isa = PBXGroup;
			children = (
				AA100003 /* JSONValue.swift */,
				AA100022 /* UpdateChannel.swift */,
				AA100004 /* JSONLLine.swift */,
				AA100005 /* JSONLDocument.swift */,
				AA100025 /* JSONLColumnOrdering.swift */,
				AA100026 /* JSONLineSearch.swift */,
				AA100016 /* MarkdownHeading.swift */,
				AA100017 /* MarkdownDocument.swift */,
			);
			path = Models;
			sourceTree = "<group>";
		};
		AA400006 /* Screens */ = {
			isa = PBXGroup;
			children = (
				AA100002 /* ContentView.swift */,
				AA100009 /* DetailView.swift */,
				AA100010 /* JSONLTableView.swift */,
				AA100015 /* TabbedRootView.swift */,
				AA100018 /* MarkdownSidebarView.swift */,
				AA100019 /* MarkdownDetailView.swift */,
				AA100023 /* UpdateSettingsView.swift */,
			);
			path = Screens;
			sourceTree = "<group>";
		};
		AA400007 /* Components */ = {
			isa = PBXGroup;
			children = (
				AA100007 /* JSONValueView.swift */,
				AA100011 /* JumpToLineView.swift */,
				AA100014 /* FileSidebarView.swift */,
			);
			path = Components;
			sourceTree = "<group>";
		};
		AA400009 /* Products */ = {
			isa = PBXGroup;
			children = (
				AA200001 /* Glade.app */,
			);
			name = Products;
			sourceTree = "<group>";
		};
/* End PBXGroup section */

/* Begin PBXNativeTarget section */
		AA500001 /* Glade */ = {
			isa = PBXNativeTarget;
			buildConfigurationList = AA700001 /* Build configuration list for PBXNativeTarget "Glade" */;
			buildPhases = (
				AA600001 /* Sources */,
				AA300001 /* Frameworks */,
				AA600002 /* Resources */,
			);
			buildRules = (
			);
			dependencies = (
			);
			name = Glade;
			packageProductDependencies = (AA900002 /* Sparkle */,);
			productName = Glade;
			productReference = AA200001 /* Glade.app */;
			productType = "com.apple.product-type.application";
		};
/* End PBXNativeTarget section */

/* Begin PBXProject section */
		AA000000 /* Project object */ = {
			isa = PBXProject;
			attributes = {
				BuildIndependentTargetsInParallel = 1;
				LastSwiftUpdateCheck = 1530;
				LastUpgradeCheck = 2630;
				TargetAttributes = {
					AA500001 = {
						CreatedOnToolsVersion = 15.3;
					};
				};
			};
			buildConfigurationList = AA700000 /* Build configuration list for PBXProject "Glade" */;
			compatibilityVersion = "Xcode 14.0";
			developmentRegion = en;
			hasScannedForEncodings = 0;
			knownRegions = (
				en,
				Base,
			);
			mainGroup = AA400001 /* Glade */;
			productRefGroup = AA400009 /* Products */;
			packageReferences = (AA900001 /* XCRemoteSwiftPackageReference "Sparkle" */,);
			projectDirPath = "";
			projectRoot = "";
			targets = (
				AA500001 /* Glade */,
			);
		};
/* End PBXProject section */

/* Begin PBXResourcesBuildPhase section */
		AA600002 /* Resources */ = {
			isa = PBXResourcesBuildPhase;
			buildActionMask = 2147483647;
			files = (
				AA000012 /* Assets.xcassets in Resources */,
			);
			runOnlyForDeploymentPostprocessing = 0;
		};
/* End PBXResourcesBuildPhase section */

/* Begin PBXSourcesBuildPhase section */
		AA600001 /* Sources */ = {
			isa = PBXSourcesBuildPhase;
			buildActionMask = 2147483647;
			files = (
				AA000001 /* GladeApp.swift in Sources */,
				AA000002 /* ContentView.swift in Sources */,
				AA000003 /* JSONValue.swift in Sources */,
				AA000004 /* JSONLLine.swift in Sources */,
				AA000005 /* JSONLDocument.swift in Sources */,
				AA000006 /* GladeViewModel.swift in Sources */,
				AA000007 /* JSONValueView.swift in Sources */,
				AA000009 /* DetailView.swift in Sources */,
				AA000010 /* JSONLTableView.swift in Sources */,
				AA000011 /* JumpToLineView.swift in Sources */,
				AA000013 /* TabManager.swift in Sources */,
				AA000014 /* FileSidebarView.swift in Sources */,
				AA000015 /* TabbedRootView.swift in Sources */,
				AA000016 /* MarkdownHeading.swift in Sources */,
				AA000017 /* MarkdownDocument.swift in Sources */,
				AA000018 /* MarkdownSidebarView.swift in Sources */,
				AA000019 /* MarkdownDetailView.swift in Sources */,
				AA000021 /* UpdateController.swift in Sources */,
				AA000022 /* UpdateChannel.swift in Sources */,
				AA000023 /* UpdateSettingsView.swift in Sources */,
				AA000025 /* JSONLColumnOrdering.swift in Sources */,
				AA000026 /* JSONLineSearch.swift in Sources */,
			);
			runOnlyForDeploymentPostprocessing = 0;
		};
/* End PBXSourcesBuildPhase section */

/* Begin XCBuildConfiguration section */
		AA800001 /* Debug */ = {
			isa = XCBuildConfiguration;
			buildSettings = {
				ALWAYS_SEARCH_USER_PATHS = NO;
				ASSETCATALOG_COMPILER_GENERATE_SWIFT_ASSET_SYMBOL_EXTENSIONS = YES;
				CLANG_ANALYZER_NONNULL = YES;
				CLANG_ANALYZER_NUMBER_OBJECT_CONVERSION = YES_AGGRESSIVE;
				CLANG_CXX_LANGUAGE_STANDARD = "gnu++20";
				CLANG_ENABLE_MODULES = YES;
				CLANG_ENABLE_OBJC_ARC = YES;
				CLANG_ENABLE_OBJC_WEAK = YES;
				CLANG_WARN_BLOCK_CAPTURE_AUTORELEASING = YES;
				CLANG_WARN_BOOL_CONVERSION = YES;
				CLANG_WARN_COMMA = YES;
				CLANG_WARN_CONSTANT_CONVERSION = YES;
				CLANG_WARN_DEPRECATED_OBJC_IMPLEMENTATIONS = YES;
				CLANG_WARN_DIRECT_OBJC_ISA_USAGE = YES_ERROR;
				CLANG_WARN_DOCUMENTATION_COMMENTS = YES;
				CLANG_WARN_EMPTY_BODY = YES;
				CLANG_WARN_ENUM_CONVERSION = YES;
				CLANG_WARN_INFINITE_RECURSION = YES;
				CLANG_WARN_INT_CONVERSION = YES;
				CLANG_WARN_NON_LITERAL_NULL_CONVERSION = YES;
				CLANG_WARN_OBJC_IMPLICIT_RETAIN_SELF = YES;
				CLANG_WARN_OBJC_LITERAL_CONVERSION = YES;
				CLANG_WARN_OBJC_ROOT_CLASS = YES_ERROR;
				CLANG_WARN_QUOTED_INCLUDE_IN_FRAMEWORK_HEADER = YES;
				CLANG_WARN_RANGE_LOOP_ANALYSIS = YES;
				CLANG_WARN_STRICT_PROTOTYPES = YES;
				CLANG_WARN_SUSPICIOUS_MOVE = YES;
				CLANG_WARN_UNGUARDED_AVAILABILITY = YES_AGGRESSIVE;
				CLANG_WARN_UNREACHABLE_CODE = YES;
				CLANG_WARN__DUPLICATE_METHOD_MATCH = YES;
				COPY_PHASE_STRIP = NO;
				DEAD_CODE_STRIPPING = YES;
				DEBUG_INFORMATION_FORMAT = dwarf;
				ENABLE_STRICT_OBJC_MSGSEND = YES;
				ENABLE_TESTABILITY = YES;
				ENABLE_USER_SCRIPT_SANDBOXING = YES;
				GCC_C_LANGUAGE_STANDARD = gnu17;
				GCC_DYNAMIC_NO_PIC = NO;
				GCC_NO_COMMON_BLOCKS = YES;
				GCC_OPTIMIZATION_LEVEL = 0;
				GCC_PREPROCESSOR_DEFINITIONS = (
					"DEBUG=1",
					"$(inherited)",
				);
				GCC_WARN_64_TO_32_BIT_CONVERSION = YES;
				GCC_WARN_ABOUT_RETURN_TYPE = YES_ERROR;
				GCC_WARN_UNDECLARED_SELECTOR = YES;
				GCC_WARN_UNINITIALIZED_AUTOS = YES_AGGRESSIVE;
				GCC_WARN_UNUSED_FUNCTION = YES;
				GCC_WARN_UNUSED_VARIABLE = YES;
				LOCALIZATION_PREFERS_STRING_CATALOGS = YES;
				MACOSX_DEPLOYMENT_TARGET = 14.0;
				MTL_ENABLE_DEBUG_INFO = INCLUDE_SOURCE;
				MTL_FAST_MATH = YES;
				ONLY_ACTIVE_ARCH = YES;
				SDKROOT = macosx;
				STRING_CATALOG_GENERATE_SYMBOLS = YES;
				SWIFT_ACTIVE_COMPILATION_CONDITIONS = "DEBUG $(inherited)";
				SWIFT_OPTIMIZATION_LEVEL = "-Onone";
			};
			name = Debug;
		};
		AA800002 /* Release */ = {
			isa = XCBuildConfiguration;
			buildSettings = {
				ALWAYS_SEARCH_USER_PATHS = NO;
				ASSETCATALOG_COMPILER_GENERATE_SWIFT_ASSET_SYMBOL_EXTENSIONS = YES;
				CLANG_ANALYZER_NONNULL = YES;
				CLANG_ANALYZER_NUMBER_OBJECT_CONVERSION = YES_AGGRESSIVE;
				CLANG_CXX_LANGUAGE_STANDARD = "gnu++20";
				CLANG_ENABLE_MODULES = YES;
				CLANG_ENABLE_OBJC_ARC = YES;
				CLANG_ENABLE_OBJC_WEAK = YES;
				CLANG_WARN_BLOCK_CAPTURE_AUTORELEASING = YES;
				CLANG_WARN_BOOL_CONVERSION = YES;
				CLANG_WARN_COMMA = YES;
				CLANG_WARN_CONSTANT_CONVERSION = YES;
				CLANG_WARN_DEPRECATED_OBJC_IMPLEMENTATIONS = YES;
				CLANG_WARN_DIRECT_OBJC_ISA_USAGE = YES_ERROR;
				CLANG_WARN_DOCUMENTATION_COMMENTS = YES;
				CLANG_WARN_EMPTY_BODY = YES;
				CLANG_WARN_ENUM_CONVERSION = YES;
				CLANG_WARN_INFINITE_RECURSION = YES;
				CLANG_WARN_INT_CONVERSION = YES;
				CLANG_WARN_NON_LITERAL_NULL_CONVERSION = YES;
				CLANG_WARN_OBJC_IMPLICIT_RETAIN_SELF = YES;
				CLANG_WARN_OBJC_LITERAL_CONVERSION = YES;
				CLANG_WARN_OBJC_ROOT_CLASS = YES_ERROR;
				CLANG_WARN_QUOTED_INCLUDE_IN_FRAMEWORK_HEADER = YES;
				CLANG_WARN_RANGE_LOOP_ANALYSIS = YES;
				CLANG_WARN_STRICT_PROTOTYPES = YES;
				CLANG_WARN_SUSPICIOUS_MOVE = YES;
				CLANG_WARN_UNGUARDED_AVAILABILITY = YES_AGGRESSIVE;
				CLANG_WARN_UNREACHABLE_CODE = YES;
				CLANG_WARN__DUPLICATE_METHOD_MATCH = YES;
				COPY_PHASE_STRIP = NO;
				DEAD_CODE_STRIPPING = YES;
				DEBUG_INFORMATION_FORMAT = "dwarf-with-dsym";
				ENABLE_NS_ASSERTIONS = NO;
				ENABLE_STRICT_OBJC_MSGSEND = YES;
				ENABLE_USER_SCRIPT_SANDBOXING = YES;
				GCC_C_LANGUAGE_STANDARD = gnu17;
				GCC_NO_COMMON_BLOCKS = YES;
				GCC_WARN_64_TO_32_BIT_CONVERSION = YES;
				GCC_WARN_ABOUT_RETURN_TYPE = YES_ERROR;
				GCC_WARN_UNDECLARED_SELECTOR = YES;
				GCC_WARN_UNINITIALIZED_AUTOS = YES_AGGRESSIVE;
				GCC_WARN_UNUSED_FUNCTION = YES;
				GCC_WARN_UNUSED_VARIABLE = YES;
				LOCALIZATION_PREFERS_STRING_CATALOGS = YES;
				MACOSX_DEPLOYMENT_TARGET = 14.0;
				MTL_FAST_MATH = YES;
				SDKROOT = macosx;
				STRING_CATALOG_GENERATE_SYMBOLS = YES;
				SWIFT_COMPILATION_MODE = wholemodule;
			};
			name = Release;
		};
		AA800003 /* Debug */ = {
			isa = XCBuildConfiguration;
			baseConfigurationReference = AA100020 /* Developer.xcconfig */;
			buildSettings = {
				ASSETCATALOG_COMPILER_APPICON_NAME = AppIcon;
				ASSETCATALOG_COMPILER_GLOBAL_ACCENT_COLOR_NAME = AccentColor;
				CODE_SIGN_ENTITLEMENTS = Glade/Glade.entitlements;
				CODE_SIGN_STYLE = Automatic;
				COMBINE_HIDPI_IMAGES = YES;
				CURRENT_PROJECT_VERSION = 1;
				DEAD_CODE_STRIPPING = YES;
				ENABLE_APP_SANDBOX = YES;
				ENABLE_HARDENED_RUNTIME = YES;
				ENABLE_USER_SELECTED_FILES = readwrite;
				GENERATE_INFOPLIST_FILE = NO;
				INFOPLIST_FILE = Glade/Info.plist;
				LD_RUNPATH_SEARCH_PATHS = (
					"$(inherited)",
					"@executable_path/../Frameworks",
				);
				MACOSX_DEPLOYMENT_TARGET = 14.0;
				MARKETING_VERSION = 1.4;
				PRODUCT_NAME = "Glade Dev";
				PRODUCT_BUNDLE_IDENTIFIER = "$(GLADE_DEVELOPMENT_BUNDLE_ID)";
				SWIFT_EMIT_LOC_STRINGS = YES;
				SWIFT_VERSION = 5.0;
			};
			name = Debug;
		};
		AA800004 /* Release */ = {
			isa = XCBuildConfiguration;
			baseConfigurationReference = AA100020 /* Developer.xcconfig */;
			buildSettings = {
				ASSETCATALOG_COMPILER_APPICON_NAME = AppIcon;
				ASSETCATALOG_COMPILER_GLOBAL_ACCENT_COLOR_NAME = AccentColor;
				CODE_SIGN_ENTITLEMENTS = Glade/Glade.entitlements;
				CODE_SIGN_STYLE = Automatic;
				COMBINE_HIDPI_IMAGES = YES;
				CURRENT_PROJECT_VERSION = 1;
				DEAD_CODE_STRIPPING = YES;
				ENABLE_APP_SANDBOX = YES;
				ENABLE_HARDENED_RUNTIME = YES;
				ENABLE_USER_SELECTED_FILES = readwrite;
				GENERATE_INFOPLIST_FILE = NO;
				INFOPLIST_FILE = Glade/Info.plist;
				LD_RUNPATH_SEARCH_PATHS = (
					"$(inherited)",
					"@executable_path/../Frameworks",
				);
				MACOSX_DEPLOYMENT_TARGET = 14.0;
				MARKETING_VERSION = 1.4;
				PRODUCT_NAME = Glade;
				PRODUCT_BUNDLE_IDENTIFIER = net.alexbrodriguez.glade;
				SWIFT_EMIT_LOC_STRINGS = YES;
				SWIFT_VERSION = 5.0;
			};
			name = Release;
		};
/* End XCBuildConfiguration section */

/* Begin XCConfigurationList section */
		AA700000 /* Build configuration list for PBXProject "Glade" */ = {
			isa = XCConfigurationList;
			buildConfigurations = (
				AA800001 /* Debug */,
				AA800002 /* Release */,
			);
			defaultConfigurationIsVisible = 0;
			defaultConfigurationName = Release;
		};
		AA700001 /* Build configuration list for PBXNativeTarget "Glade" */ = {
			isa = XCConfigurationList;
			buildConfigurations = (
				AA800003 /* Debug */,
				AA800004 /* Release */,
			);
			defaultConfigurationIsVisible = 0;
			defaultConfigurationName = Release;
		};
/* End XCConfigurationList section */

/* Begin XCRemoteSwiftPackageReference section */
		AA900001 /* XCRemoteSwiftPackageReference "Sparkle" */ = {
			isa = XCRemoteSwiftPackageReference;
			repositoryURL = "https://github.com/sparkle-project/Sparkle";
			requirement = {kind = exactVersion; version = 2.10.0; };
		};
/* End XCRemoteSwiftPackageReference section */

/* Begin XCSwiftPackageProductDependency section */
		AA900002 /* Sparkle */ = {
			isa = XCSwiftPackageProductDependency;
			package = AA900001 /* XCRemoteSwiftPackageReference "Sparkle" */;
			productName = Sparkle;
		};
/* End XCSwiftPackageProductDependency section */
	};
	rootObject = AA000000 /* Project object */;
}
